
Microsoft Visual Studio Solution File, Format Version 12.00
# Visual Studio Version 17
VisualStudioVersion = 17.8.34004.107
MinimumVisualStudioVersion = 10.0.40219.1
Project("{FAE04EC0-301F-11D3-BF4B-00C04F79EFBC}") = "EmulateCode", "EmulateCode\EmulateCode.csproj", "{FC7EC5D9-CEC1-446F-BBFE-ABA3315D4FD0}"
EndProject
Global
	GlobalSection(SolutionConfigurationPlatforms) = preSolution
		Debug|Any CPU = Debug|Any CPU
		Release|Any CPU = Release|Any CPU
	EndGlobalSection
	GlobalSection(ProjectConfigurationPlatforms) = postSolution
		{FC7EC5D9-CEC1-446F-BBFE-ABA3315D4FD0}.Debug|Any CPU.ActiveCfg = Debug|Any CPU
		{FC7EC5D9-CEC1-446F-BBFE-ABA3315D4FD0}.Debug|Any CPU.Build.0 = Debug|Any CPU
		{FC7EC5D9-CEC1-446F-BBFE-ABA3315D4FD0}.Release|Any CPU.ActiveCfg = Release|Any CPU
		{FC7EC5D9-CEC1-446F-BBFE-ABA3315D4FD0}.Release|Any CPU.Build.0 = Release|Any CPU
	EndGlobalSection
	GlobalSection(SolutionProperties) = preSolution
		HideSolutionNode = FALSE
	EndGlobalSection
	GlobalSection(ExtensibilityGlobals) = postSolution
		SolutionGuid = {80E5AE9A-02E4-4C57-AE0B-56CC3218311A}
	EndGlobalSection
EndGlobal
